PODS:
  - Flutter (1.0.0)
  - flutter_tts (0.0.1):
    - Flutter
  - health (13.3.1):
    - Flutter

DEPENDENCIES:
  - Flutter (from `Flutter`)
  - flutter_tts (from `.symlinks/plugins/flutter_tts/ios`)
  - health (from `.symlinks/plugins/health/ios`)

EXTERNAL SOURCES:
  Flutter:
    :path: Flutter
  flutter_tts:
    :path: ".symlinks/plugins/flutter_tts/ios"
  health:
    :path: ".symlinks/plugins/health/ios"

SPEC CHECKSUMS:
  Flutter: cabc95a1d2626b1b06e7179b784ebcf0c0cde467
  flutter_tts: 35ac3c7d42412733e795ea96ad2d7e05d0a75113
  health: 4decf5d74e8f54c58a8c07a385fc72f629a831d9

PODFILE CHECKSUM: 15a2aba7669b53d3c2a98540f7d95c983bf1c9a0

COCOAPODS: 1.17.0
